
Microsoft Visual Studio Solution File, Format Version 12.00
# Visual Studio Version 17
VisualStudioVersion = 17.5.002.0
MinimumVisualStudioVersion = 10.0.40219.1
Project("{9A19103F-16F7-4668-BE54-9A1E7A4F7556}") = "CadastroLivros", "01CadastroLivros\CadastroLivros.csproj", "{9A98CB49-CE79-492A-9A99-2427B26F9FED}"
EndProject
Project("{9A19103F-16F7-4668-BE54-9A1E7A4F7556}") = "Calculadora", "02Calculadora\Calculadora.csproj", "{753243CA-FCD4-4234-8BC1-3DF06F97EE80}"
EndProject
Project("{9A19103F-16F7-4668-BE54-9A1E7A4F7556}") = "ConversorMoedas", "03ConversorMoedas\ConversorMoedas.csproj", "{6BEE6194-9813-4018-894B-A905E5EB5F75}"
EndProject
Project("{9A19103F-16F7-4668-BE54-9A1E7A4F7556}") = "GerenciadorTarefas", "04GerenciadorTarefas\GerenciadorTarefas.csproj", "{38627C16-0452-42B4-8958-CC4B0E11F93E}"
EndProject
Project("{9A19103F-16F7-4668-BE54-9A1E7A4F7556}") = "JogoAdivinhacao", "05JogoAdivinhacao\JogoAdivinhacao.csproj", "{F93CE082-6C58-451C-AC2A-3DF8BF1792A6}"
EndProject
Project("{9A19103F-16F7-4668-BE54-9A1E7A4F7556}") = "06GerenciadorInventario", "06GerenciadorInventario\06GerenciadorInventario.csproj", "{C733CA7D-1DE7-45B7-B82F-69565CBC6837}"
EndProject
Project("{9A19103F-16F7-4668-BE54-9A1E7A4F7556}") = "07SistemaControleEstoque", "07SistemaControleEstoque\07SistemaControleEstoque.csproj", "{E50A778D-B8C1-4001-80D1-D3E34F2A181C}"
EndProject
Project("{9A19103F-16F7-4668-BE54-9A1E7A4F7556}") = "08AplicacaoNotaFiscal", "08AplicacaoNotaFiscal\08AplicacaoNotaFiscal.csproj", "{AEA28878-2C25-4271-B824-93219CE8CFC2}"
EndProject
Global
	GlobalSection(SolutionConfigurationPlatforms) = preSolution
		Debug|Any CPU = Debug|Any CPU
		Release|Any CPU = Release|Any CPU
	EndGlobalSection
	GlobalSection(ProjectConfigurationPlatforms) = postSolution
		{9A98CB49-CE79-492A-9A99-2427B26F9FED}.Debug|Any CPU.ActiveCfg = Debug|Any CPU
		{9A98CB49-CE79-492A-9A99-2427B26F9FED}.Debug|Any CPU.Build.0 = Debug|Any CPU
		{9A98CB49-CE79-492A-9A99-2427B26F9FED}.Release|Any CPU.ActiveCfg = Release|Any CPU
		{9A98CB49-CE79-492A-9A99-2427B26F9FED}.Release|Any CPU.Build.0 = Release|Any CPU
		{753243CA-FCD4-4234-8BC1-3DF06F97EE80}.Debug|Any CPU.ActiveCfg = Debug|Any CPU
		{753243CA-FCD4-4234-8BC1-3DF06F97EE80}.Debug|Any CPU.Build.0 = Debug|Any CPU
		{753243CA-FCD4-4234-8BC1-3DF06F97EE80}.Release|Any CPU.ActiveCfg = Release|Any CPU
		{753243CA-FCD4-4234-8BC1-3DF06F97EE80}.Release|Any CPU.Build.0 = Release|Any CPU
		{6BEE6194-9813-4018-894B-A905E5EB5F75}.Debug|Any CPU.ActiveCfg = Debug|Any CPU
		{6BEE6194-9813-4018-894B-A905E5EB5F75}.Debug|Any CPU.Build.0 = Debug|Any CPU
		{6BEE6194-9813-4018-894B-A905E5EB5F75}.Release|Any CPU.ActiveCfg = Release|Any CPU
		{6BEE6194-9813-4018-894B-A905E5EB5F75}.Release|Any CPU.Build.0 = Release|Any CPU
		{38627C16-0452-42B4-8958-CC4B0E11F93E}.Debug|Any CPU.ActiveCfg = Debug|Any CPU
		{38627C16-0452-42B4-8958-CC4B0E11F93E}.Debug|Any CPU.Build.0 = Debug|Any CPU
		{38627C16-0452-42B4-8958-CC4B0E11F93E}.Release|Any CPU.ActiveCfg = Release|Any CPU
		{38627C16-0452-42B4-8958-CC4B0E11F93E}.Release|Any CPU.Build.0 = Release|Any CPU
		{F93CE082-6C58-451C-AC2A-3DF8BF1792A6}.Debug|Any CPU.ActiveCfg = Debug|Any CPU
		{F93CE082-6C58-451C-AC2A-3DF8BF1792A6}.Debug|Any CPU.Build.0 = Debug|Any CPU
		{F93CE082-6C58-451C-AC2A-3DF8BF1792A6}.Release|Any CPU.ActiveCfg = Release|Any CPU
		{F93CE082-6C58-451C-AC2A-3DF8BF1792A6}.Release|Any CPU.Build.0 = Release|Any CPU
		{C733CA7D-1DE7-45B7-B82F-69565CBC6837}.Debug|Any CPU.ActiveCfg = Debug|Any CPU
		{C733CA7D-1DE7-45B7-B82F-69565CBC6837}.Debug|Any CPU.Build.0 = Debug|Any CPU
		{C733CA7D-1DE7-45B7-B82F-69565CBC6837}.Release|Any CPU.ActiveCfg = Release|Any CPU
		{C733CA7D-1DE7-45B7-B82F-69565CBC6837}.Release|Any CPU.Build.0 = Release|Any CPU
		{E50A778D-B8C1-4001-80D1-D3E34F2A181C}.Debug|Any CPU.ActiveCfg = Debug|Any CPU
		{E50A778D-B8C1-4001-80D1-D3E34F2A181C}.Debug|Any CPU.Build.0 = Debug|Any CPU
		{E50A778D-B8C1-4001-80D1-D3E34F2A181C}.Release|Any CPU.ActiveCfg = Release|Any CPU
		{E50A778D-B8C1-4001-80D1-D3E34F2A181C}.Release|Any CPU.Build.0 = Release|Any CPU
		{AEA28878-2C25-4271-B824-93219CE8CFC2}.Debug|Any CPU.ActiveCfg = Debug|Any CPU
		{AEA28878-2C25-4271-B824-93219CE8CFC2}.Debug|Any CPU.Build.0 = Debug|Any CPU
		{AEA28878-2C25-4271-B824-93219CE8CFC2}.Release|Any CPU.ActiveCfg = Release|Any CPU
		{AEA28878-2C25-4271-B824-93219CE8CFC2}.Release|Any CPU.Build.0 = Release|Any CPU
	EndGlobalSection
	GlobalSection(SolutionProperties) = preSolution
		HideSolutionNode = FALSE
	EndGlobalSection
	GlobalSection(ExtensibilityGlobals) = postSolution
		SolutionGuid = {5B240568-B1C0-40E8-BEF0-689CF8681057}
	EndGlobalSection
EndGlobal
